
Microsoft Visual Studio Solution File, Format Version 12.00
# Visual Studio 15
VisualStudioVersion = 15.0.28307.572
MinimumVisualStudioVersion = 10.0.40219.1
Project("{FAE04EC0-301F-11D3-BF4B-00C04F79EFBC}") = "plandokument", "src\plandokument.csproj", "{DE2A3E7D-9927-4F5A-A58D-E970049E240F}"
EndProject
Global
	GlobalSection(SolutionConfigurationPlatforms) = preSolution
		Debug|Any CPU = Debug|Any CPU
		Debug|x64 = Debug|x64
		Release|Any CPU = Release|Any CPU
		Release|x64 = Release|x64
	EndGlobalSection
	GlobalSection(ProjectConfigurationPlatforms) = postSolution
		{DE2A3E7D-9927-4F5A-A58D-E970049E240F}.Debug|Any CPU.ActiveCfg = Debug|Any CPU
		{DE2A3E7D-9927-4F5A-A58D-E970049E240F}.Debug|Any CPU.Build.0 = Debug|Any CPU
		{DE2A3E7D-9927-4F5A-A58D-E970049E240F}.Debug|x64.ActiveCfg = Debug|x64
		{DE2A3E7D-9927-4F5A-A58D-E970049E240F}.Debug|x64.Build.0 = Debug|x64
		{DE2A3E7D-9927-4F5A-A58D-E970049E240F}.Release|Any CPU.ActiveCfg = Release|Any CPU
		{DE2A3E7D-9927-4F5A-A58D-E970049E240F}.Release|Any CPU.Build.0 = Release|Any CPU
		{DE2A3E7D-9927-4F5A-A58D-E970049E240F}.Release|x64.ActiveCfg = Debug|x64
		{DE2A3E7D-9927-4F5A-A58D-E970049E240F}.Release|x64.Build.0 = Debug|x64
	EndGlobalSection
	GlobalSection(SolutionProperties) = preSolution
		HideSolutionNode = FALSE
	EndGlobalSection
	GlobalSection(ExtensibilityGlobals) = postSolution
		SolutionGuid = {14AC7188-3B7D-498A-A4E5-A16639CA474E}
	EndGlobalSection
EndGlobal
